
Microsoft Visual Studio Solution File, Format Version 12.00
# Visual Studio Version 16
VisualStudioVersion = 25.0.1700.0
MinimumVisualStudioVersion = 10.0.40219.1
Project("{FAE04EC0-301F-11D3-BF4B-00C04F79EFBC}") = "SoundCharts.Explorer.MacOS", "SoundCharts.Explorer.MacOS\SoundCharts.Explorer.MacOS.csproj", "{032E280F-1341-4278-B004-BD63F82C04E1}"
EndProject
Project("{FAE04EC0-301F-11D3-BF4B-00C04F79EFBC}") = "SoundCharts.Explorer.Common", "SoundCharts.Explorer.Common\SoundCharts.Explorer.Common.csproj", "{0180F69C-D4F3-451B-9B42-53B6362255A5}"
EndProject
Global
	GlobalSection(SolutionConfigurationPlatforms) = preSolution
		Debug|Any CPU = Debug|Any CPU
		Release|Any CPU = Release|Any CPU
	EndGlobalSection
	GlobalSection(ProjectConfigurationPlatforms) = postSolution
		{032E280F-1341-4278-B004-BD63F82C04E1}.Debug|Any CPU.ActiveCfg = Debug|Any CPU
		{032E280F-1341-4278-B004-BD63F82C04E1}.Debug|Any CPU.Build.0 = Debug|Any CPU
		{032E280F-1341-4278-B004-BD63F82C04E1}.Release|Any CPU.ActiveCfg = Release|Any CPU
		{032E280F-1341-4278-B004-BD63F82C04E1}.Release|Any CPU.Build.0 = Release|Any CPU
		{0180F69C-D4F3-451B-9B42-53B6362255A5}.Debug|Any CPU.ActiveCfg = Debug|Any CPU
		{0180F69C-D4F3-451B-9B42-53B6362255A5}.Debug|Any CPU.Build.0 = Debug|Any CPU
		{0180F69C-D4F3-451B-9B42-53B6362255A5}.Release|Any CPU.ActiveCfg = Release|Any CPU
		{0180F69C-D4F3-451B-9B42-53B6362255A5}.Release|Any CPU.Build.0 = Release|Any CPU
	EndGlobalSection
	GlobalSection(SolutionProperties) = preSolution
		HideSolutionNode = FALSE
	EndGlobalSection
	GlobalSection(ExtensibilityGlobals) = postSolution
		SolutionGuid = {FD2C884C-469A-4AB4-A2CB-25C81C2F1635}
	EndGlobalSection
EndGlobal
